{
  "name": "@df/available-package-names",
  "version": "1.0.0",
  "lockfileVersion": 1,
  "requires": true,
  "dependencies": {
    "all-the-package-names": {
      "version": "1.3591.0",
      "resolved": "https://registry.npmjs.org/all-the-package-names/-/all-the-package-names-1.3591.0.tgz",
      "integrity": "sha512-TooKxV2hGq0RxC+XDYBsw2V1rYHWUolm38NQ9Jme+pb1gkhI+BGMIQQlhomwhl25HQ2QGl/85cJkcZj6ujFkKw=="
    }
  }
}
